schema: '2.0'
stages:
  get_data:
    cmd: python -m pipeline.get_data --config=params.yaml
    deps:
    - path: pipeline/get_data.py
      hash: md5
      md5: 7270866e82cd882b459dc956673900ef
      size: 1873
    params:
      params.yaml:
        base:
          log_level: INFO
          random_state: 42
        get_training_dataset:
          dataset: data/input/nba_training_dataset.csv
    outs:
    - path: data/input/nba_games_training_dataset.csv
      hash: md5
      md5: b3a6eebcd23fa0f006f33d0dab00a608
      size: 1017744
  get_training_dataset:
    cmd:
    - aws s3 cp s3://foreshadownba/dvc-data-pipeline-output/nba_games_inseason_dataset_final.csv
      ./data/input/nba_games_inseason_dataset_final.csv --profile=ipfy
    outs:
    - path: ./data/input/nba_games_inseason_dataset_final.csv
      hash: md5
      md5: bdb0b0c25b43cad4982a764a8f62988f
      size: 189108
  get_inseason_dataset:
    cmd:
    - aws s3 cp s3://foreshadownba/dvc-data-pipeline-output/nba_games_inseason_dataset_final.csv
      ./data/input/nba_games_inseason_dataset_final.csv --profile=ipfy
    outs:
    - path: ./data/input/nba_games_inseason_dataset_final.csv
      hash: md5
      md5: f938b7e734a2281552953facb1807159
      size: 250529
  get_models:
    cmd:
    - aws s3 cp s3://foreshadownba/dvc-ml-pipeline-output/model.joblib ./models/model.joblib
      --profile=ipfy
    - aws s3 cp s3://foreshadownba/dvc-ml-pipeline-output/columns_selected.csv ./models/columns_selected.csv
      --profile=ipfy
    - aws s3 cp s3://foreshadownba/dvc-ml-pipeline-output/cross_val_pred.csv ./models/cross_val_pred.csv
      --profile=ipfy
    outs:
    - path: ./models/model.joblib
      hash: md5
      md5: 57093c3e59fcb34357c01b6f44686c07
      size: 1692831
  inference:
    cmd:
    - python3 -m src.inference --inseason-dataset-file-path ./data/input/nba_games_inseason_dataset_final.csv
      --model-columns ./models/columns_selected.csv --model-file-path ./models/model.joblib
      --target-variable results --group-cv-variable id --inference-dataset-output
      ./data/output/nba_games_inseasonn_w_pred.csv
    deps:
    - path: ./models/model.joblib
      hash: md5
      md5: 57093c3e59fcb34357c01b6f44686c07
      size: 1692831
    - path: src/inference.py
      hash: md5
      md5: 9bec810ab94de7370a57795571cd1a31
      size: 7792
    params:
      params.yaml:
        base:
          log_level: INFO
          random_state: 42
        get_dataset:
          inseason_dataset: ./data/input/nba_games_inseason_dataset_final.csv
          training_dataset: ./data/input/nba_games_training_dataset_final.csv
        get_models:
          model: ./models/model.joblib
          model_columns: ./models/columns_selected.csv
        inference:
          target_variable: results
          group_cv_variable: id
          dataset: ./data/output/nba_games_inseasonn_w_pred.csv
    outs:
    - path: ./data/output/nba_games_inseasonn_w_pred.csv
      hash: md5
      md5: b37584adff7d9856d11eb5e382a5ec19
      size: 31940
  write_final_model_to_s3:
    cmd:
    - aws s3 cp ./data/output/nba_games_inseasonn_w_pred.csv s3://foreshadownba/inference-pipeline-output/
      --profile=ipfy
    deps:
    - path: ./data/output/nba_games_inseasonn_w_pred.csv
      hash: md5
      md5: b37584adff7d9856d11eb5e382a5ec19
      size: 31940
  get_dataset:
    cmd:
    - aws s3 cp s3://foreshadownba/dvc-data-pipeline-output/nba_games_training_dataset_final.csv
      ./data/input/nba_games_training_dataset_final.csv --profile=ipfy
    - aws s3 cp s3://foreshadownba/dvc-data-pipeline-output/nba_games_inseason_dataset_final.csv
      ./data/input/nba_games_inseason_dataset_final.csv --profile=ipfy
    outs:
    - path: ./data/input/nba_games_inseason_dataset_final.csv
      hash: md5
      md5: 762423191c49bad486c7924f428cb1e5
      size: 253611
    - path: ./data/input/nba_games_training_dataset_final.csv
      hash: md5
      md5: f35f2273a388ab9c949879fb2aec9783
      size: 13557631
  model_inference_report:
    cmd:
    - python3 -m src.model_inference_report --inseason-dataset-file-path ./data/input/nba_games_inseason_dataset_final.csv
      --inseason-dataset-file-path ./data/input/nba_games_training_dataset_final.csv
      --model-columns ./models/columns_selected.csv --target-variable results --group-cv-variable
      id
    deps:
    - path: ./models/model.joblib
      hash: md5
      md5: 57093c3e59fcb34357c01b6f44686c07
      size: 1692831
    - path: src/inference.py
      hash: md5
      md5: 9bec810ab94de7370a57795571cd1a31
      size: 7792
    - path: src/model_inference_report.py
      hash: md5
      md5: 4703b8a846fb50449f20022c6fb05c02
      size: 5374
    params:
      params.yaml:
        base:
          log_level: INFO
          random_state: 42
        get_dataset:
          inseason_dataset: ./data/input/nba_games_inseason_dataset_final.csv
          training_dataset: ./data/input/nba_games_training_dataset_final.csv
        get_models:
          model: ./models/model.joblib
          model_columns: ./models/columns_selected.csv
        inference:
          target_variable: results
          group_cv_variable: id
          dataset: ./data/output/nba_games_inseasonn_w_pred.csv
    outs:
    - path: ./data/output/data_drift_report.html
      hash: md5
      md5: 255e48a58e49d6d0227c46fb54460519
      size: 3234166
    - path: ./data/output/data_stability_report.html
      hash: md5
      md5: 2d37863b14d01d060019ad3d8903ff0f
      size: 3126298
  write_inference_to_s3:
    cmd:
    - aws s3 cp ./data/output/nba_games_inseasonn_w_pred.csv s3://foreshadownba/inference-pipeline-output/
      --profile=ipfy
    - aws s3 cp ./data/output/data_stability_report.html s3://foreshadownba/inference-pipeline-output/
      --profile=ipfy
    - aws s3 cp ./data/output/data_drift_report.html s3://foreshadownba/inference-pipeline-output/
      --profile=ipfy
    deps:
    - path: ./data/output/data_drift_report.html
      hash: md5
      md5: 255e48a58e49d6d0227c46fb54460519
      size: 3234166
    - path: ./data/output/data_stability_report.html
      hash: md5
      md5: 2d37863b14d01d060019ad3d8903ff0f
      size: 3126298
    - path: ./data/output/nba_games_inseasonn_w_pred.csv
      hash: md5
      md5: b37584adff7d9856d11eb5e382a5ec19
      size: 31940
